// !$*UTF8*$!
{
	archiveVersion = 1;
	classes = {
	};
	objectVersion = 46;
	objects = {

/* Begin PBXBuildFile section */
		7370FA141E73676200247974 /* main.cpp in Sources */ = {isa = PBXBuildFile; fileRef = 7370FA131E73676200247974 /* main.cpp */; };
		7370FA1C1E73679600247974 /* tgaimage.cpp in Sources */ = {isa = PBXBuildFile; fileRef = 7370FA1A1E73679600247974 /* tgaimage.cpp */; };
		7370FA221E75F48200247974 /* model.cpp in Sources */ = {isa = PBXBuildFile; fileRef = 7370FA211E75F48200247974 /* model.cpp */; };
/* End PBXBuildFile section */

/* Begin PBXCopyFilesBuildPhase section */
		7370FA0E1E73676200247974 /* CopyFiles */ = {
			isa = PBXCopyFilesBuildPhase;
			buildActionMask = 2147483647;
			dstPath = /usr/share/man/man1/;
			dstSubfolderSpec = 0;
			files = (
			);
			runOnlyForDeploymentPostprocessing = 1;
		};
/* End PBXCopyFilesBuildPhase section */

/* Begin PBXFileReference section */
		7370FA101E73676200247974 /* TinyRenderer */ = {isa = PBXFileReference; explicitFileType = "compiled.mach-o.executable"; includeInIndex = 0; path = TinyRenderer; sourceTree = BUILT_PRODUCTS_DIR; };
		7370FA131E73676200247974 /* main.cpp */ = {isa = PBXFileReference; lastKnownFileType = sourcecode.cpp.cpp; path = main.cpp; sourceTree = "<group>"; };
		7370FA1A1E73679600247974 /* tgaimage.cpp */ = {isa = PBXFileReference; fileEncoding = 4; lastKnownFileType = sourcecode.cpp.cpp; path = tgaimage.cpp; sourceTree = "<group>"; };
		7370FA1B1E73679600247974 /* tgaimage.h */ = {isa = PBXFileReference; fileEncoding = 4; lastKnownFileType = sourcecode.c.h; path = tgaimage.h; sourceTree = "<group>"; };
		7370FA1D1E74416000247974 /* output.tga */ = {isa = PBXFileReference; lastKnownFileType = file; path = output.tga; sourceTree = "<group>"; };
		7370FA1F1E759E4D00247974 /* geometry.h */ = {isa = PBXFileReference; lastKnownFileType = sourcecode.c.h; path = geometry.h; sourceTree = "<group>"; };
		7370FA201E75F31500247974 /* model.h */ = {isa = PBXFileReference; lastKnownFileType = sourcecode.c.h; path = model.h; sourceTree = "<group>"; };
		7370FA211E75F48200247974 /* model.cpp */ = {isa = PBXFileReference; fileEncoding = 4; lastKnownFileType = sourcecode.cpp.cpp; path = model.cpp; sourceTree = "<group>"; };
		7370FA231E778C6F00247974 /* head.obj */ = {isa = PBXFileReference; fileEncoding = 4; lastKnownFileType = text; path = head.obj; sourceTree = "<group>"; };
/* End PBXFileReference section */

/* Begin PBXFrameworksBuildPhase section */
		7370FA0D1E73676200247974 /* Frameworks */ = {
			isa = PBXFrameworksBuildPhase;
			buildActionMask = 2147483647;
			files = (
			);
			runOnlyForDeploymentPostprocessing = 0;
		};
/* End PBXFrameworksBuildPhase section */

/* Begin PBXGroup section */
		7370FA071E73676200247974 = {
			isa = PBXGroup;
			children = (
				7370FA121E73676200247974 /* TinyRenderer */,
				7370FA111E73676200247974 /* Products */,
				7370FA1D1E74416000247974 /* output.tga */,
			);
			sourceTree = "<group>";
		};
		7370FA111E73676200247974 /* Products */ = {
			isa = PBXGroup;
			children = (
				7370FA101E73676200247974 /* TinyRenderer */,
			);
			name = Products;
			sourceTree = "<group>";
		};
		7370FA121E73676200247974 /* TinyRenderer */ = {
			isa = PBXGroup;
			children = (
				7370FA1E1E759E3200247974 /* obj */,
				7370FA131E73676200247974 /* main.cpp */,
				7370FA1A1E73679600247974 /* tgaimage.cpp */,
				7370FA1B1E73679600247974 /* tgaimage.h */,
				7370FA1F1E759E4D00247974 /* geometry.h */,
				7370FA201E75F31500247974 /* model.h */,
				7370FA211E75F48200247974 /* model.cpp */,
			);
			path = TinyRenderer;
			sourceTree = "<group>";
		};
		7370FA1E1E759E3200247974 /* obj */ = {
			isa = PBXGroup;
			children = (
				7370FA231E778C6F00247974 /* head.obj */,
			);
			name = obj;
			sourceTree = "<group>";
		};
/* End PBXGroup section */

/* Begin PBXNativeTarget section */
		7370FA0F1E73676200247974 /* TinyRenderer */ = {
			isa = PBXNativeTarget;
			buildConfigurationList = 7370FA171E73676200247974 /* Build configuration list for PBXNativeTarget "TinyRenderer" */;
			buildPhases = (
				7370FA0C1E73676200247974 /* Sources */,
				7370FA0D1E73676200247974 /* Frameworks */,
				7370FA0E1E73676200247974 /* CopyFiles */,
			);
			buildRules = (
			);
			dependencies = (
			);
			name = TinyRenderer;
			productName = TinyRenderer;
			productReference = 7370FA101E73676200247974 /* TinyRenderer */;
			productType = "com.apple.product-type.tool";
		};
/* End PBXNativeTarget section */

/* Begin PBXProject section */
		7370FA081E73676200247974 /* Project object */ = {
			isa = PBXProject;
			attributes = {
				LastUpgradeCheck = 0610;
				ORGANIZATIONNAME = "samson stannus";
				TargetAttributes = {
					7370FA0F1E73676200247974 = {
						CreatedOnToolsVersion = 6.1;
					};
				};
			};
			buildConfigurationList = 7370FA0B1E73676200247974 /* Build configuration list for PBXProject "TinyRenderer" */;
			compatibilityVersion = "Xcode 3.2";
			developmentRegion = English;
			hasScannedForEncodings = 0;
			knownRegions = (
				en,
			);
			mainGroup = 7370FA071E73676200247974;
			productRefGroup = 7370FA111E73676200247974 /* Products */;
			projectDirPath = "";
			projectRoot = "";
			targets = (
				7370FA0F1E73676200247974 /* TinyRenderer */,
			);
		};
/* End PBXProject section */

/* Begin PBXSourcesBuildPhase section */
		7370FA0C1E73676200247974 /* Sources */ = {
			isa = PBXSourcesBuildPhase;
			buildActionMask = 2147483647;
			files = (
				7370FA1C1E73679600247974 /* tgaimage.cpp in Sources */,
				7370FA141E73676200247974 /* main.cpp in Sources */,
				7370FA221E75F48200247974 /* model.cpp in Sources */,
			);
			runOnlyForDeploymentPostprocessing = 0;
		};
/* End PBXSourcesBuildPhase section */

/* Begin XCBuildConfiguration section */
		7370FA151E73676200247974 /* Debug */ = {
			isa = XCBuildConfiguration;
			buildSettings = {
				ALWAYS_SEARCH_USER_PATHS = NO;
				CLANG_CXX_LANGUAGE_STANDARD = "gnu++0x";
				CLANG_CXX_LIBRARY = "libc++";
				CLANG_ENABLE_MODULES = YES;
				CLANG_ENABLE_OBJC_ARC = YES;
				CLANG_WARN_BOOL_CONVERSION = YES;
				CLANG_WARN_CONSTANT_CONVERSION = YES;
				CLANG_WARN_DIRECT_OBJC_ISA_USAGE = YES_ERROR;
				CLANG_WARN_EMPTY_BODY = YES;
				CLANG_WARN_ENUM_CONVERSION = YES;
				CLANG_WARN_INT_CONVERSION = YES;
				CLANG_WARN_OBJC_ROOT_CLASS = YES_ERROR;
				CLANG_WARN_UNREACHABLE_CODE = YES;
				CLANG_WARN__DUPLICATE_METHOD_MATCH = YES;
				COPY_PHASE_STRIP = NO;
				ENABLE_STRICT_OBJC_MSGSEND = YES;
				GCC_C_LANGUAGE_STANDARD = gnu99;
				GCC_DYNAMIC_NO_PIC = NO;
				GCC_OPTIMIZATION_LEVEL = 0;
				GCC_PREPROCESSOR_DEFINITIONS = (
					"DEBUG=1",
					"$(inherited)",
				);
				GCC_SYMBOLS_PRIVATE_EXTERN = NO;
				GCC_WARN_64_TO_32_BIT_CONVERSION = YES;
				GCC_WARN_ABOUT_RETURN_TYPE = YES_ERROR;
				GCC_WARN_UNDECLARED_SELECTOR = YES;
				GCC_WARN_UNINITIALIZED_AUTOS = YES_AGGRESSIVE;
				GCC_WARN_UNUSED_FUNCTION = YES;
				GCC_WARN_UNUSED_VARIABLE = YES;
				MACOSX_DEPLOYMENT_TARGET = 10.10;
				MTL_ENABLE_DEBUG_INFO = YES;
				ONLY_ACTIVE_ARCH = YES;
				SDKROOT = macosx;
			};
			name = Debug;
		};
		7370FA161E73676200247974 /* Release */ = {
			isa = XCBuildConfiguration;
			buildSettings = {
				ALWAYS_SEARCH_USER_PATHS = NO;
				CLANG_CXX_LANGUAGE_STANDARD = "gnu++0x";
				CLANG_CXX_LIBRARY = "libc++";
				CLANG_ENABLE_MODULES = YES;
				CLANG_ENABLE_OBJC_ARC = YES;
				CLANG_WARN_BOOL_CONVERSION = YES;
				CLANG_WARN_CONSTANT_CONVERSION = YES;
				CLANG_WARN_DIRECT_OBJC_ISA_USAGE = YES_ERROR;
				CLANG_WARN_EMPTY_BODY = YES;
				CLANG_WARN_ENUM_CONVERSION = YES;
				CLANG_WARN_INT_CONVERSION = YES;
				CLANG_WARN_OBJC_ROOT_CLASS = YES_ERROR;
				CLANG_WARN_UNREACHABLE_CODE = YES;
				CLANG_WARN__DUPLICATE_METHOD_MATCH = YES;
				COPY_PHASE_STRIP = YES;
				DEBUG_INFORMATION_FORMAT = "dwarf-with-dsym";
				ENABLE_NS_ASSERTIONS = NO;
				ENABLE_STRICT_OBJC_MSGSEND = YES;
				GCC_C_LANGUAGE_STANDARD = gnu99;
				GCC_WARN_64_TO_32_BIT_CONVERSION = YES;
				GCC_WARN_ABOUT_RETURN_TYPE = YES_ERROR;
				GCC_WARN_UNDECLARED_SELECTOR = YES;
				GCC_WARN_UNINITIALIZED_AUTOS = YES_AGGRESSIVE;
				GCC_WARN_UNUSED_FUNCTION = YES;
				GCC_WARN_UNUSED_VARIABLE = YES;
				MACOSX_DEPLOYMENT_TARGET = 10.10;
				MTL_ENABLE_DEBUG_INFO = NO;
				SDKROOT = macosx;
			};
			name = Release;
		};
		7370FA181E73676200247974 /* Debug */ = {
			isa = XCBuildConfiguration;
			buildSettings = {
				PRODUCT_NAME = "$(TARGET_NAME)";
			};
			name = Debug;
		};
		7370FA191E73676200247974 /* Release */ = {
			isa = XCBuildConfiguration;
			buildSettings = {
				PRODUCT_NAME = "$(TARGET_NAME)";
			};
			name = Release;
		};
/* End XCBuildConfiguration section */

/* Begin XCConfigurationList section */
		7370FA0B1E73676200247974 /* Build configuration list for PBXProject "TinyRenderer" */ = {
			isa = XCConfigurationList;
			buildConfigurations = (
				7370FA151E73676200247974 /* Debug */,
				7370FA161E73676200247974 /* Release */,
			);
			defaultConfigurationIsVisible = 0;
			defaultConfigurationName = Release;
		};
		7370FA171E73676200247974 /* Build configuration list for PBXNativeTarget "TinyRenderer" */ = {
			isa = XCConfigurationList;
			buildConfigurations = (
				7370FA181E73676200247974 /* Debug */,
				7370FA191E73676200247974 /* Release */,
			);
			defaultConfigurationIsVisible = 0;
			defaultConfigurationName = Release;
		};
/* End XCConfigurationList section */
	};
	rootObject = 7370FA081E73676200247974 /* Project object */;
}
